
Microsoft Visual Studio Solution File, Format Version 12.00
# Visual Studio 15
VisualStudioVersion = 15.0.27130.2010
MinimumVisualStudioVersion = 10.0.40219.1
Project("{FAE04EC0-301F-11D3-BF4B-00C04F79EFBC}") = "CC2650", "CC2650\CC2650.csproj", "{110C62FC-FEE1-4D37-8B19-C7A63140F529}"
EndProject
Global
	GlobalSection(SolutionConfigurationPlatforms) = preSolution
		Debug|ARM = Debug|ARM
		Debug|x64 = Debug|x64
		Debug|x86 = Debug|x86
		Release|ARM = Release|ARM
		Release|x64 = Release|x64
		Release|x86 = Release|x86
	EndGlobalSection
	GlobalSection(ProjectConfigurationPlatforms) = postSolution
		{110C62FC-FEE1-4D37-8B19-C7A63140F529}.Debug|ARM.ActiveCfg = Debug|ARM
		{110C62FC-FEE1-4D37-8B19-C7A63140F529}.Debug|ARM.Build.0 = Debug|ARM
		{110C62FC-FEE1-4D37-8B19-C7A63140F529}.Debug|ARM.Deploy.0 = Debug|ARM
		{110C62FC-FEE1-4D37-8B19-C7A63140F529}.Debug|x64.ActiveCfg = Debug|x64
		{110C62FC-FEE1-4D37-8B19-C7A63140F529}.Debug|x64.Build.0 = Debug|x64
		{110C62FC-FEE1-4D37-8B19-C7A63140F529}.Debug|x64.Deploy.0 = Debug|x64
		{110C62FC-FEE1-4D37-8B19-C7A63140F529}.Debug|x86.ActiveCfg = Debug|x86
		{110C62FC-FEE1-4D37-8B19-C7A63140F529}.Debug|x86.Build.0 = Debug|x86
		{110C62FC-FEE1-4D37-8B19-C7A63140F529}.Debug|x86.Deploy.0 = Debug|x86
		{110C62FC-FEE1-4D37-8B19-C7A63140F529}.Release|ARM.ActiveCfg = Release|ARM
		{110C62FC-FEE1-4D37-8B19-C7A63140F529}.Release|ARM.Build.0 = Release|ARM
		{110C62FC-FEE1-4D37-8B19-C7A63140F529}.Release|ARM.Deploy.0 = Release|ARM
		{110C62FC-FEE1-4D37-8B19-C7A63140F529}.Release|x64.ActiveCfg = Release|x64
		{110C62FC-FEE1-4D37-8B19-C7A63140F529}.Release|x64.Build.0 = Release|x64
		{110C62FC-FEE1-4D37-8B19-C7A63140F529}.Release|x64.Deploy.0 = Release|x64
		{110C62FC-FEE1-4D37-8B19-C7A63140F529}.Release|x86.ActiveCfg = Release|x86
		{110C62FC-FEE1-4D37-8B19-C7A63140F529}.Release|x86.Build.0 = Release|x86
		{110C62FC-FEE1-4D37-8B19-C7A63140F529}.Release|x86.Deploy.0 = Release|x86
	EndGlobalSection
	GlobalSection(SolutionProperties) = preSolution
		HideSolutionNode = FALSE
	EndGlobalSection
	GlobalSection(ExtensibilityGlobals) = postSolution
		SolutionGuid = {78F0FECA-2A13-4E27-9988-D6380AB4FD5D}
	EndGlobalSection
EndGlobal
